
Microsoft Visual Studio Solution File, Format Version 12.00
# Visual Studio Version 16
VisualStudioVersion = 16.0.30517.126
MinimumVisualStudioVersion = 10.0.40219.1
Project("{FAE04EC0-301F-11D3-BF4B-00C04F79EFBC}") = "unix_code", "unix_code\unix_code.csproj", "{92E2924D-482B-41D9-9ED1-CDE04EC2EB50}"
EndProject
Project("{FAE04EC0-301F-11D3-BF4B-00C04F79EFBC}") = "BaseDatos", "BaseDatos\BaseDatos.csproj", "{DF4BBCB6-4528-405A-827B-28636890B64D}"
EndProject
Project("{FAE04EC0-301F-11D3-BF4B-00C04F79EFBC}") = "Controls", "Controls\Controls.csproj", "{981ABD92-C863-4906-A4E3-2DBDFB3ECB97}"
EndProject
Project("{FAE04EC0-301F-11D3-BF4B-00C04F79EFBC}") = "LibreriaClases", "LibreriaClases\LibreriaClases.csproj", "{A1F21818-5A6D-43E1-B699-2F36859C4CFE}"
EndProject
Project("{FAE04EC0-301F-11D3-BF4B-00C04F79EFBC}") = "LibreriaControles", "LibreriaControles\LibreriaControles.csproj", "{461AC342-99FB-4D28-B0AE-C29C4835B114}"
EndProject
Global
	GlobalSection(SolutionConfigurationPlatforms) = preSolution
		Debug|Any CPU = Debug|Any CPU
		Release|Any CPU = Release|Any CPU
	EndGlobalSection
	GlobalSection(ProjectConfigurationPlatforms) = postSolution
		{92E2924D-482B-41D9-9ED1-CDE04EC2EB50}.Debug|Any CPU.ActiveCfg = Debug|Any CPU
		{92E2924D-482B-41D9-9ED1-CDE04EC2EB50}.Debug|Any CPU.Build.0 = Debug|Any CPU
		{92E2924D-482B-41D9-9ED1-CDE04EC2EB50}.Release|Any CPU.ActiveCfg = Release|Any CPU
		{92E2924D-482B-41D9-9ED1-CDE04EC2EB50}.Release|Any CPU.Build.0 = Release|Any CPU
		{DF4BBCB6-4528-405A-827B-28636890B64D}.Debug|Any CPU.ActiveCfg = Debug|Any CPU
		{DF4BBCB6-4528-405A-827B-28636890B64D}.Debug|Any CPU.Build.0 = Debug|Any CPU
		{DF4BBCB6-4528-405A-827B-28636890B64D}.Release|Any CPU.ActiveCfg = Release|Any CPU
		{DF4BBCB6-4528-405A-827B-28636890B64D}.Release|Any CPU.Build.0 = Release|Any CPU
		{981ABD92-C863-4906-A4E3-2DBDFB3ECB97}.Debug|Any CPU.ActiveCfg = Debug|Any CPU
		{981ABD92-C863-4906-A4E3-2DBDFB3ECB97}.Debug|Any CPU.Build.0 = Debug|Any CPU
		{981ABD92-C863-4906-A4E3-2DBDFB3ECB97}.Release|Any CPU.ActiveCfg = Release|Any CPU
		{981ABD92-C863-4906-A4E3-2DBDFB3ECB97}.Release|Any CPU.Build.0 = Release|Any CPU
		{A1F21818-5A6D-43E1-B699-2F36859C4CFE}.Debug|Any CPU.ActiveCfg = Debug|Any CPU
		{A1F21818-5A6D-43E1-B699-2F36859C4CFE}.Debug|Any CPU.Build.0 = Debug|Any CPU
		{A1F21818-5A6D-43E1-B699-2F36859C4CFE}.Release|Any CPU.ActiveCfg = Release|Any CPU
		{A1F21818-5A6D-43E1-B699-2F36859C4CFE}.Release|Any CPU.Build.0 = Release|Any CPU
		{461AC342-99FB-4D28-B0AE-C29C4835B114}.Debug|Any CPU.ActiveCfg = Debug|Any CPU
		{461AC342-99FB-4D28-B0AE-C29C4835B114}.Debug|Any CPU.Build.0 = Debug|Any CPU
		{461AC342-99FB-4D28-B0AE-C29C4835B114}.Release|Any CPU.ActiveCfg = Release|Any CPU
		{461AC342-99FB-4D28-B0AE-C29C4835B114}.Release|Any CPU.Build.0 = Release|Any CPU
	EndGlobalSection
	GlobalSection(SolutionProperties) = preSolution
		HideSolutionNode = FALSE
	EndGlobalSection
	GlobalSection(ExtensibilityGlobals) = postSolution
		SolutionGuid = {7B9603A4-56E3-4D57-9D49-8D079CE5130B}
	EndGlobalSection
EndGlobal
