
Microsoft Visual Studio Solution File, Format Version 12.00
# Visual Studio Version 16
VisualStudioVersion = 16.0.30517.126
MinimumVisualStudioVersion = 10.0.40219.1
Project("{FAE04EC0-301F-11D3-BF4B-00C04F79EFBC}") = "unix_code", "unix_code\unix_code.csproj", "{92E2924D-482B-41D9-9ED1-CDE04EC2EB50}"
EndProject
Project("{FAE04EC0-301F-11D3-BF4B-00C04F79EFBC}") = "BaseDatos", "BaseDatos\BaseDatos.csproj", "{DF4BBCB6-4528-405A-827B-28636890B64D}"
EndProject
Project("{FAE04EC0-301F-11D3-BF4B-00C04F79EFBC}") = "Controls", "Controls\Controls.csproj", "{981ABD92-C863-4906-A4E3-2DBDFB3ECB97}"
EndProject
Project("{FAE04EC0-301F-11D3-BF4B-00C04F79EFBC}") = "LibreriaClases", "LibreriaClases\LibreriaClases.csproj", "{A1F21818-5A6D-43E1-B699-2F36859C4CFE}"
EndProject
Project("{FAE04EC0-301F-11D3-BF4B-00C04F79EFBC}") = "LibreriaControles", "LibreriaControles\LibreriaControles.csproj", "{461AC342-99FB-4D28-B0AE-C29C4835B114}"
EndProject
Project("{FAE04EC0-301F-11D3-BF4B-00C04F79EFBC}") = "LibreriaUserControls", "LibreriaUserControls\LibreriaUserControls.csproj", "{F110EA25-1E7F-4ACB-A5BE-2542D751A41F}"
EndProject
Project("{FAE04EC0-301F-11D3-BF4B-00C04F79EFBC}") = "Screens", "Screens\Screens.csproj", "{8EEBAD14-05E6-4113-ACFB-A38D99B90FD2}"
EndProject
Project("{FAE04EC0-301F-11D3-BF4B-00C04F79EFBC}") = "Libreria_BaseForms", "Libreria_BaseForms\Libreria_BaseForms.csproj", "{09319958-7623-4470-80B8-5AD571210457}"
EndProject
Project("{FAE04EC0-301F-11D3-BF4B-00C04F79EFBC}") = "BaseTaulaSimple", "BaseTaulaSimple\BaseTaulaSimple.csproj", "{ABF891BD-1EBC-4A51-96B5-14158D63DF87}"
EndProject
Project("{FAE04EC0-301F-11D3-BF4B-00C04F79EFBC}") = "G7_Species", "G7_Species\G7_Species.csproj", "{DAD669F9-A675-48F7-B607-2C73039F725C}"
EndProject
Project("{FAE04EC0-301F-11D3-BF4B-00C04F79EFBC}") = "G7_Planets", "G7_Planets\G7_Planets.csproj", "{F405B17A-2C7A-4865-8F17-239AC7A16E81}"
EndProject
Project("{FAE04EC0-301F-11D3-BF4B-00C04F79EFBC}") = "G7_Menu", "G7_Menu\G7_Menu.csproj", "{9044BE8F-D793-4D8C-B140-BD0DCA4801D0}"
EndProject
Project("{FAE04EC0-301F-11D3-BF4B-00C04F79EFBC}") = "G7_UserCategories", "G7_UserCategories\G7_UserCategories.csproj", "{5C19EE45-A185-43BA-AA4F-41772190FE63}"
EndProject
Project("{FAE04EC0-301F-11D3-BF4B-00C04F79EFBC}") = "Modelos", "Modelos\Modelos.csproj", "{6D4CB7C2-2CB2-4E91-A5FD-441625AE953D}"
EndProject
Project("{FAE04EC0-301F-11D3-BF4B-00C04F79EFBC}") = "ComandaCR", "ComandaCR\ComandaCR.csproj", "{790EE089-D837-4338-8EBB-065D0336D2E0}"
EndProject
Project("{FAE04EC0-301F-11D3-BF4B-00C04F79EFBC}") = "G7_Comandes", "G7_Comandes\G7_Comandes.csproj", "{3B12869D-125C-4361-A3AD-958F056773E6}"
EndProject
Project("{FAE04EC0-301F-11D3-BF4B-00C04F79EFBC}") = "G7_EnviarEdi", "G7_EnviarEdi\G7_EnviarEdi.csproj", "{C1C74552-8EE2-493D-B7EA-A6ED1A84D047}"
EndProject
Project("{FAE04EC0-301F-11D3-BF4B-00C04F79EFBC}") = "ConsolaServidorFTP", "ConsolaServidorFTP\ConsolaServidorFTP.csproj", "{C07FE025-9C1B-4DED-831A-3AC83DCBC19A}"
EndProject
Project("{FAE04EC0-301F-11D3-BF4B-00C04F79EFBC}") = "DescargarEdi", "DescargarEdi\DescargarEdi.csproj", "{D2B887A1-F118-4CBB-8334-25EDF90B8587}"
EndProject
Project("{FAE04EC0-301F-11D3-BF4B-00C04F79EFBC}") = "G7_Users", "G7_Users\G7_Users.csproj", "{9D9B917C-CFA7-44F3-8363-34911923F7B1}"
EndProject
Global
	GlobalSection(SolutionConfigurationPlatforms) = preSolution
		Debug|Any CPU = Debug|Any CPU
		Release|Any CPU = Release|Any CPU
	EndGlobalSection
	GlobalSection(ProjectConfigurationPlatforms) = postSolution
		{92E2924D-482B-41D9-9ED1-CDE04EC2EB50}.Debug|Any CPU.ActiveCfg = Debug|Any CPU
		{92E2924D-482B-41D9-9ED1-CDE04EC2EB50}.Debug|Any CPU.Build.0 = Debug|Any CPU
		{92E2924D-482B-41D9-9ED1-CDE04EC2EB50}.Release|Any CPU.ActiveCfg = Release|Any CPU
		{92E2924D-482B-41D9-9ED1-CDE04EC2EB50}.Release|Any CPU.Build.0 = Release|Any CPU
		{DF4BBCB6-4528-405A-827B-28636890B64D}.Debug|Any CPU.ActiveCfg = Debug|Any CPU
		{DF4BBCB6-4528-405A-827B-28636890B64D}.Debug|Any CPU.Build.0 = Debug|Any CPU
		{DF4BBCB6-4528-405A-827B-28636890B64D}.Release|Any CPU.ActiveCfg = Release|Any CPU
		{DF4BBCB6-4528-405A-827B-28636890B64D}.Release|Any CPU.Build.0 = Release|Any CPU
		{981ABD92-C863-4906-A4E3-2DBDFB3ECB97}.Debug|Any CPU.ActiveCfg = Debug|Any CPU
		{981ABD92-C863-4906-A4E3-2DBDFB3ECB97}.Debug|Any CPU.Build.0 = Debug|Any CPU
		{981ABD92-C863-4906-A4E3-2DBDFB3ECB97}.Release|Any CPU.ActiveCfg = Release|Any CPU
		{981ABD92-C863-4906-A4E3-2DBDFB3ECB97}.Release|Any CPU.Build.0 = Release|Any CPU
		{A1F21818-5A6D-43E1-B699-2F36859C4CFE}.Debug|Any CPU.ActiveCfg = Debug|Any CPU
		{A1F21818-5A6D-43E1-B699-2F36859C4CFE}.Debug|Any CPU.Build.0 = Debug|Any CPU
		{A1F21818-5A6D-43E1-B699-2F36859C4CFE}.Release|Any CPU.ActiveCfg = Release|Any CPU
		{A1F21818-5A6D-43E1-B699-2F36859C4CFE}.Release|Any CPU.Build.0 = Release|Any CPU
		{461AC342-99FB-4D28-B0AE-C29C4835B114}.Debug|Any CPU.ActiveCfg = Debug|Any CPU
		{461AC342-99FB-4D28-B0AE-C29C4835B114}.Debug|Any CPU.Build.0 = Debug|Any CPU
		{461AC342-99FB-4D28-B0AE-C29C4835B114}.Release|Any CPU.ActiveCfg = Release|Any CPU
		{461AC342-99FB-4D28-B0AE-C29C4835B114}.Release|Any CPU.Build.0 = Release|Any CPU
		{F110EA25-1E7F-4ACB-A5BE-2542D751A41F}.Debug|Any CPU.ActiveCfg = Debug|Any CPU
		{F110EA25-1E7F-4ACB-A5BE-2542D751A41F}.Debug|Any CPU.Build.0 = Debug|Any CPU
		{F110EA25-1E7F-4ACB-A5BE-2542D751A41F}.Release|Any CPU.ActiveCfg = Release|Any CPU
		{F110EA25-1E7F-4ACB-A5BE-2542D751A41F}.Release|Any CPU.Build.0 = Release|Any CPU
		{8EEBAD14-05E6-4113-ACFB-A38D99B90FD2}.Debug|Any CPU.ActiveCfg = Debug|Any CPU
		{8EEBAD14-05E6-4113-ACFB-A38D99B90FD2}.Debug|Any CPU.Build.0 = Debug|Any CPU
		{8EEBAD14-05E6-4113-ACFB-A38D99B90FD2}.Release|Any CPU.ActiveCfg = Release|Any CPU
		{8EEBAD14-05E6-4113-ACFB-A38D99B90FD2}.Release|Any CPU.Build.0 = Release|Any CPU
		{09319958-7623-4470-80B8-5AD571210457}.Debug|Any CPU.ActiveCfg = Debug|Any CPU
		{09319958-7623-4470-80B8-5AD571210457}.Debug|Any CPU.Build.0 = Debug|Any CPU
		{09319958-7623-4470-80B8-5AD571210457}.Release|Any CPU.ActiveCfg = Release|Any CPU
		{09319958-7623-4470-80B8-5AD571210457}.Release|Any CPU.Build.0 = Release|Any CPU
		{ABF891BD-1EBC-4A51-96B5-14158D63DF87}.Debug|Any CPU.ActiveCfg = Debug|Any CPU
		{ABF891BD-1EBC-4A51-96B5-14158D63DF87}.Debug|Any CPU.Build.0 = Debug|Any CPU
		{ABF891BD-1EBC-4A51-96B5-14158D63DF87}.Release|Any CPU.ActiveCfg = Release|Any CPU
		{ABF891BD-1EBC-4A51-96B5-14158D63DF87}.Release|Any CPU.Build.0 = Release|Any CPU
		{DAD669F9-A675-48F7-B607-2C73039F725C}.Debug|Any CPU.ActiveCfg = Debug|Any CPU
		{DAD669F9-A675-48F7-B607-2C73039F725C}.Debug|Any CPU.Build.0 = Debug|Any CPU
		{DAD669F9-A675-48F7-B607-2C73039F725C}.Release|Any CPU.ActiveCfg = Release|Any CPU
		{DAD669F9-A675-48F7-B607-2C73039F725C}.Release|Any CPU.Build.0 = Release|Any CPU
		{F405B17A-2C7A-4865-8F17-239AC7A16E81}.Debug|Any CPU.ActiveCfg = Debug|Any CPU
		{F405B17A-2C7A-4865-8F17-239AC7A16E81}.Debug|Any CPU.Build.0 = Debug|Any CPU
		{F405B17A-2C7A-4865-8F17-239AC7A16E81}.Release|Any CPU.ActiveCfg = Release|Any CPU
		{F405B17A-2C7A-4865-8F17-239AC7A16E81}.Release|Any CPU.Build.0 = Release|Any CPU
		{9044BE8F-D793-4D8C-B140-BD0DCA4801D0}.Debug|Any CPU.ActiveCfg = Debug|Any CPU
		{9044BE8F-D793-4D8C-B140-BD0DCA4801D0}.Debug|Any CPU.Build.0 = Debug|Any CPU
		{9044BE8F-D793-4D8C-B140-BD0DCA4801D0}.Release|Any CPU.ActiveCfg = Release|Any CPU
		{9044BE8F-D793-4D8C-B140-BD0DCA4801D0}.Release|Any CPU.Build.0 = Release|Any CPU
		{5C19EE45-A185-43BA-AA4F-41772190FE63}.Debug|Any CPU.ActiveCfg = Debug|Any CPU
		{5C19EE45-A185-43BA-AA4F-41772190FE63}.Debug|Any CPU.Build.0 = Debug|Any CPU
		{5C19EE45-A185-43BA-AA4F-41772190FE63}.Release|Any CPU.ActiveCfg = Release|Any CPU
		{5C19EE45-A185-43BA-AA4F-41772190FE63}.Release|Any CPU.Build.0 = Release|Any CPU
		{6D4CB7C2-2CB2-4E91-A5FD-441625AE953D}.Debug|Any CPU.ActiveCfg = Debug|Any CPU
		{6D4CB7C2-2CB2-4E91-A5FD-441625AE953D}.Debug|Any CPU.Build.0 = Debug|Any CPU
		{6D4CB7C2-2CB2-4E91-A5FD-441625AE953D}.Release|Any CPU.ActiveCfg = Release|Any CPU
		{6D4CB7C2-2CB2-4E91-A5FD-441625AE953D}.Release|Any CPU.Build.0 = Release|Any CPU
		{790EE089-D837-4338-8EBB-065D0336D2E0}.Debug|Any CPU.ActiveCfg = Debug|Any CPU
		{790EE089-D837-4338-8EBB-065D0336D2E0}.Debug|Any CPU.Build.0 = Debug|Any CPU
		{790EE089-D837-4338-8EBB-065D0336D2E0}.Release|Any CPU.ActiveCfg = Release|Any CPU
		{790EE089-D837-4338-8EBB-065D0336D2E0}.Release|Any CPU.Build.0 = Release|Any CPU
		{3B12869D-125C-4361-A3AD-958F056773E6}.Debug|Any CPU.ActiveCfg = Debug|Any CPU
		{3B12869D-125C-4361-A3AD-958F056773E6}.Debug|Any CPU.Build.0 = Debug|Any CPU
		{3B12869D-125C-4361-A3AD-958F056773E6}.Release|Any CPU.ActiveCfg = Release|Any CPU
		{3B12869D-125C-4361-A3AD-958F056773E6}.Release|Any CPU.Build.0 = Release|Any CPU
		{C1C74552-8EE2-493D-B7EA-A6ED1A84D047}.Debug|Any CPU.ActiveCfg = Debug|Any CPU
		{C1C74552-8EE2-493D-B7EA-A6ED1A84D047}.Debug|Any CPU.Build.0 = Debug|Any CPU
		{C1C74552-8EE2-493D-B7EA-A6ED1A84D047}.Release|Any CPU.ActiveCfg = Release|Any CPU
		{C1C74552-8EE2-493D-B7EA-A6ED1A84D047}.Release|Any CPU.Build.0 = Release|Any CPU
		{C07FE025-9C1B-4DED-831A-3AC83DCBC19A}.Debug|Any CPU.ActiveCfg = Debug|Any CPU
		{C07FE025-9C1B-4DED-831A-3AC83DCBC19A}.Debug|Any CPU.Build.0 = Debug|Any CPU
		{C07FE025-9C1B-4DED-831A-3AC83DCBC19A}.Release|Any CPU.ActiveCfg = Release|Any CPU
		{C07FE025-9C1B-4DED-831A-3AC83DCBC19A}.Release|Any CPU.Build.0 = Release|Any CPU
		{D2B887A1-F118-4CBB-8334-25EDF90B8587}.Debug|Any CPU.ActiveCfg = Debug|Any CPU
		{D2B887A1-F118-4CBB-8334-25EDF90B8587}.Debug|Any CPU.Build.0 = Debug|Any CPU
		{D2B887A1-F118-4CBB-8334-25EDF90B8587}.Release|Any CPU.ActiveCfg = Release|Any CPU
		{D2B887A1-F118-4CBB-8334-25EDF90B8587}.Release|Any CPU.Build.0 = Release|Any CPU
		{9D9B917C-CFA7-44F3-8363-34911923F7B1}.Debug|Any CPU.ActiveCfg = Debug|Any CPU
		{9D9B917C-CFA7-44F3-8363-34911923F7B1}.Debug|Any CPU.Build.0 = Debug|Any CPU
		{9D9B917C-CFA7-44F3-8363-34911923F7B1}.Release|Any CPU.ActiveCfg = Release|Any CPU
		{9D9B917C-CFA7-44F3-8363-34911923F7B1}.Release|Any CPU.Build.0 = Release|Any CPU
	EndGlobalSection
	GlobalSection(SolutionProperties) = preSolution
		HideSolutionNode = FALSE
	EndGlobalSection
	GlobalSection(ExtensibilityGlobals) = postSolution
		SolutionGuid = {7B9603A4-56E3-4D57-9D49-8D079CE5130B}
	EndGlobalSection
EndGlobal
