
Microsoft Visual Studio Solution File, Format Version 12.00
# Visual Studio Version 16
VisualStudioVersion = 16.0.30517.126
MinimumVisualStudioVersion = 10.0.40219.1
Project("{FAE04EC0-301F-11D3-BF4B-00C04F79EFBC}") = "Libreria_Clases_1", "Libreria_Clases_1.csproj", "{4E0CD2E4-23BA-4518-8CBE-8FD85335D018}"
EndProject
Global
	GlobalSection(SolutionConfigurationPlatforms) = preSolution
		Debug|Any CPU = Debug|Any CPU
		Release|Any CPU = Release|Any CPU
	EndGlobalSection
	GlobalSection(ProjectConfigurationPlatforms) = postSolution
		{4E0CD2E4-23BA-4518-8CBE-8FD85335D018}.Debug|Any CPU.ActiveCfg = Debug|Any CPU
		{4E0CD2E4-23BA-4518-8CBE-8FD85335D018}.Debug|Any CPU.Build.0 = Debug|Any CPU
		{4E0CD2E4-23BA-4518-8CBE-8FD85335D018}.Release|Any CPU.ActiveCfg = Release|Any CPU
		{4E0CD2E4-23BA-4518-8CBE-8FD85335D018}.Release|Any CPU.Build.0 = Release|Any CPU
	EndGlobalSection
	GlobalSection(SolutionProperties) = preSolution
		HideSolutionNode = FALSE
	EndGlobalSection
	GlobalSection(ExtensibilityGlobals) = postSolution
		SolutionGuid = {5FA3EB25-8CE1-45A2-AEDB-38D1BF2E09A2}
	EndGlobalSection
EndGlobal
